
Microsoft Visual Studio Solution File, Format Version 12.00
# Visual Studio Version 16
VisualStudioVersion = 16.0.30309.148
MinimumVisualStudioVersion = 10.0.40219.1
Project("{8BC9CEB8-8B4A-11D0-8D11-00A0C91BC942}") = "11042020dz", "11042020dz.vcxproj", "{E8D15FF0-6F76-42CC-9752-C0AD362A4B51}"
EndProject
Global
	GlobalSection(SolutionConfigurationPlatforms) = preSolution
		Debug|x64 = Debug|x64
		Debug|x86 = Debug|x86
		Release|x64 = Release|x64
		Release|x86 = Release|x86
	EndGlobalSection
	GlobalSection(ProjectConfigurationPlatforms) = postSolution
		{E8D15FF0-6F76-42CC-9752-C0AD362A4B51}.Debug|x64.ActiveCfg = Debug|x64
		{E8D15FF0-6F76-42CC-9752-C0AD362A4B51}.Debug|x64.Build.0 = Debug|x64
		{E8D15FF0-6F76-42CC-9752-C0AD362A4B51}.Debug|x86.ActiveCfg = Debug|Win32
		{E8D15FF0-6F76-42CC-9752-C0AD362A4B51}.Debug|x86.Build.0 = Debug|Win32
		{E8D15FF0-6F76-42CC-9752-C0AD362A4B51}.Release|x64.ActiveCfg = Release|x64
		{E8D15FF0-6F76-42CC-9752-C0AD362A4B51}.Release|x64.Build.0 = Release|x64
		{E8D15FF0-6F76-42CC-9752-C0AD362A4B51}.Release|x86.ActiveCfg = Release|Win32
		{E8D15FF0-6F76-42CC-9752-C0AD362A4B51}.Release|x86.Build.0 = Release|Win32
	EndGlobalSection
	GlobalSection(SolutionProperties) = preSolution
		HideSolutionNode = FALSE
	EndGlobalSection
	GlobalSection(ExtensibilityGlobals) = postSolution
		SolutionGuid = {AC0F33D2-3775-4A92-B9DA-76DBC36E4ED3}
	EndGlobalSection
EndGlobal
